
Microsoft Visual Studio Solution File, Format Version 12.00
# Visual Studio 15
VisualStudioVersion = 15.0.28010.2046
MinimumVisualStudioVersion = 10.0.40219.1
Project("{FAE04EC0-301F-11D3-BF4B-00C04F79EFBC}") = "Lab28", "Lab28\Lab28.csproj", "{F5654123-C551-4F68-B405-1D250ED11C56}"
EndProject
Global
	GlobalSection(SolutionConfigurationPlatforms) = preSolution
		Debug|Any CPU = Debug|Any CPU
		Release|Any CPU = Release|Any CPU
	EndGlobalSection
	GlobalSection(ProjectConfigurationPlatforms) = postSolution
		{F5654123-C551-4F68-B405-1D250ED11C56}.Debug|Any CPU.ActiveCfg = Debug|Any CPU
		{F5654123-C551-4F68-B405-1D250ED11C56}.Debug|Any CPU.Build.0 = Debug|Any CPU
		{F5654123-C551-4F68-B405-1D250ED11C56}.Release|Any CPU.ActiveCfg = Release|Any CPU
		{F5654123-C551-4F68-B405-1D250ED11C56}.Release|Any CPU.Build.0 = Release|Any CPU
	EndGlobalSection
	GlobalSection(SolutionProperties) = preSolution
		HideSolutionNode = FALSE
	EndGlobalSection
	GlobalSection(ExtensibilityGlobals) = postSolution
		SolutionGuid = {F5324B71-5FAD-418E-BEE4-C8A7C32D3BD5}
	EndGlobalSection
EndGlobal
